{
  "pins" : [
    {
      "identity" : "button-ios-sdk",
      "kind" : "remoteSourceControl",
      "location" : "https://github.com/preventorid/button-ios-sdk",
      "state" : {
        "revision" : "725bf731d56eadc4d5659c6a58bfb77741ce50cc",
        "version" : "1.1.2"
      }
    }
  ],
  "version" : 2
}
