{
  "object": {
    "pins": [
      {
        "package": "PreventorSDK",
        "repositoryURL": "https://github.com/preventorid/button-ios-sdk",
        "state": {
          "branch": null,
          "revision": "f08c12b262b36299afd671e2acb8612304a022ce",
          "version": "1.0.2"
        }
      }
    ]
  },
  "version": 1
}
